
Microsoft Visual Studio Solution File, Format Version 12.00
# Visual Studio 15
VisualStudioVersion = 15.0.28010.2036
MinimumVisualStudioVersion = 10.0.40219.1
Project("{FAE04EC0-301F-11D3-BF4B-00C04F79EFBC}") = "GeolocationTest.Android", "GeolocationTest\GeolocationTest.Android\GeolocationTest.Android.csproj", "{1A4501C5-1794-4904-9199-411BD30EEFDF}"
EndProject
Project("{FAE04EC0-301F-11D3-BF4B-00C04F79EFBC}") = "GeolocationTest.iOS", "GeolocationTest\GeolocationTest.iOS\GeolocationTest.iOS.csproj", "{6E309F42-229D-4F27-BA78-4997ED602722}"
EndProject
Project("{FAE04EC0-301F-11D3-BF4B-00C04F79EFBC}") = "GeolocationTest.UWP", "GeolocationTest\GeolocationTest.UWP\GeolocationTest.UWP.csproj", "{50AB1F2A-96D2-4ACE-9361-83BB10F3DB0D}"
EndProject
Project("{FAE04EC0-301F-11D3-BF4B-00C04F79EFBC}") = "GeolocationTest", "GeolocationTest\GeolocationTest\GeolocationTest.csproj", "{C27B47ED-7A6F-4A7F-BDFC-7F947A78F888}"
EndProject
Global
	GlobalSection(SolutionConfigurationPlatforms) = preSolution
		Ad-Hoc|Any CPU = Ad-Hoc|Any CPU
		Ad-Hoc|ARM = Ad-Hoc|ARM
		Ad-Hoc|iPhone = Ad-Hoc|iPhone
		Ad-Hoc|iPhoneSimulator = Ad-Hoc|iPhoneSimulator
		Ad-Hoc|x64 = Ad-Hoc|x64
		Ad-Hoc|x86 = Ad-Hoc|x86
		AppStore|Any CPU = AppStore|Any CPU
		AppStore|ARM = AppStore|ARM
		AppStore|iPhone = AppStore|iPhone
		AppStore|iPhoneSimulator = AppStore|iPhoneSimulator
		AppStore|x64 = AppStore|x64
		AppStore|x86 = AppStore|x86
		Debug|Any CPU = Debug|Any CPU
		Debug|ARM = Debug|ARM
		Debug|iPhone = Debug|iPhone
		Debug|iPhoneSimulator = Debug|iPhoneSimulator
		Debug|x64 = Debug|x64
		Debug|x86 = Debug|x86
		Release|Any CPU = Release|Any CPU
		Release|ARM = Release|ARM
		Release|iPhone = Release|iPhone
		Release|iPhoneSimulator = Release|iPhoneSimulator
		Release|x64 = Release|x64
		Release|x86 = Release|x86
	EndGlobalSection
	GlobalSection(ProjectConfigurationPlatforms) = postSolution
		{1A4501C5-1794-4904-9199-411BD30EEFDF}.Ad-Hoc|Any CPU.ActiveCfg = Release|Any CPU
		{1A4501C5-1794-4904-9199-411BD30EEFDF}.Ad-Hoc|Any CPU.Build.0 = Release|Any CPU
		{1A4501C5-1794-4904-9199-411BD30EEFDF}.Ad-Hoc|Any CPU.Deploy.0 = Release|Any CPU
		{1A4501C5-1794-4904-9199-411BD30EEFDF}.Ad-Hoc|ARM.ActiveCfg = Release|Any CPU
		{1A4501C5-1794-4904-9199-411BD30EEFDF}.Ad-Hoc|ARM.Build.0 = Release|Any CPU
		{1A4501C5-1794-4904-9199-411BD30EEFDF}.Ad-Hoc|ARM.Deploy.0 = Release|Any CPU
		{1A4501C5-1794-4904-9199-411BD30EEFDF}.Ad-Hoc|iPhone.ActiveCfg = Release|Any CPU
		{1A4501C5-1794-4904-9199-411BD30EEFDF}.Ad-Hoc|iPhone.Build.0 = Release|Any CPU
		{1A4501C5-1794-4904-9199-411BD30EEFDF}.Ad-Hoc|iPhone.Deploy.0 = Release|Any CPU
		{1A4501C5-1794-4904-9199-411BD30EEFDF}.Ad-Hoc|iPhoneSimulator.ActiveCfg = Release|Any CPU
		{1A4501C5-1794-4904-9199-411BD30EEFDF}.Ad-Hoc|iPhoneSimulator.Build.0 = Release|Any CPU
		{1A4501C5-1794-4904-9199-411BD30EEFDF}.Ad-Hoc|iPhoneSimulator.Deploy.0 = Release|Any CPU
		{1A4501C5-1794-4904-9199-411BD30EEFDF}.Ad-Hoc|x64.ActiveCfg = Release|Any CPU
		{1A4501C5-1794-4904-9199-411BD30EEFDF}.Ad-Hoc|x64.Build.0 = Release|Any CPU
		{1A4501C5-1794-4904-9199-411BD30EEFDF}.Ad-Hoc|x64.Deploy.0 = Release|Any CPU
		{1A4501C5-1794-4904-9199-411BD30EEFDF}.Ad-Hoc|x86.ActiveCfg = Release|Any CPU
		{1A4501C5-1794-4904-9199-411BD30EEFDF}.Ad-Hoc|x86.Build.0 = Release|Any CPU
		{1A4501C5-1794-4904-9199-411BD30EEFDF}.Ad-Hoc|x86.Deploy.0 = Release|Any CPU
		{1A4501C5-1794-4904-9199-411BD30EEFDF}.AppStore|Any CPU.ActiveCfg = Release|Any CPU
		{1A4501C5-1794-4904-9199-411BD30EEFDF}.AppStore|Any CPU.Build.0 = Release|Any CPU
		{1A4501C5-1794-4904-9199-411BD30EEFDF}.AppStore|Any CPU.Deploy.0 = Release|Any CPU
		{1A4501C5-1794-4904-9199-411BD30EEFDF}.AppStore|ARM.ActiveCfg = Release|Any CPU
		{1A4501C5-1794-4904-9199-411BD30EEFDF}.AppStore|ARM.Build.0 = Release|Any CPU
		{1A4501C5-1794-4904-9199-411BD30EEFDF}.AppStore|ARM.Deploy.0 = Release|Any CPU
		{1A4501C5-1794-4904-9199-411BD30EEFDF}.AppStore|iPhone.ActiveCfg = Release|Any CPU
		{1A4501C5-1794-4904-9199-411BD30EEFDF}.AppStore|iPhone.Build.0 = Release|Any CPU
		{1A4501C5-1794-4904-9199-411BD30EEFDF}.AppStore|iPhone.Deploy.0 = Release|Any CPU
		{1A4501C5-1794-4904-9199-411BD30EEFDF}.AppStore|iPhoneSimulator.ActiveCfg = Release|Any CPU
		{1A4501C5-1794-4904-9199-411BD30EEFDF}.AppStore|iPhoneSimulator.Build.0 = Release|Any CPU
		{1A4501C5-1794-4904-9199-411BD30EEFDF}.AppStore|iPhoneSimulator.Deploy.0 = Release|Any CPU
		{1A4501C5-1794-4904-9199-411BD30EEFDF}.AppStore|x64.ActiveCfg = Release|Any CPU
		{1A4501C5-1794-4904-9199-411BD30EEFDF}.AppStore|x64.Build.0 = Release|Any CPU
		{1A4501C5-1794-4904-9199-411BD30EEFDF}.AppStore|x64.Deploy.0 = Release|Any CPU
		{1A4501C5-1794-4904-9199-411BD30EEFDF}.AppStore|x86.ActiveCfg = Release|Any CPU
		{1A4501C5-1794-4904-9199-411BD30EEFDF}.AppStore|x86.Build.0 = Release|Any CPU
		{1A4501C5-1794-4904-9199-411BD30EEFDF}.AppStore|x86.Deploy.0 = Release|Any CPU
		{1A4501C5-1794-4904-9199-411BD30EEFDF}.Debug|Any CPU.ActiveCfg = Debug|Any CPU
		{1A4501C5-1794-4904-9199-411BD30EEFDF}.Debug|Any CPU.Build.0 = Debug|Any CPU
		{1A4501C5-1794-4904-9199-411BD30EEFDF}.Debug|Any CPU.Deploy.0 = Debug|Any CPU
		{1A4501C5-1794-4904-9199-411BD30EEFDF}.Debug|ARM.ActiveCfg = Debug|Any CPU
		{1A4501C5-1794-4904-9199-411BD30EEFDF}.Debug|ARM.Build.0 = Debug|Any CPU
		{1A4501C5-1794-4904-9199-411BD30EEFDF}.Debug|ARM.Deploy.0 = Debug|Any CPU
		{1A4501C5-1794-4904-9199-411BD30EEFDF}.Debug|iPhone.ActiveCfg = Debug|Any CPU
		{1A4501C5-1794-4904-9199-411BD30EEFDF}.Debug|iPhone.Build.0 = Debug|Any CPU
		{1A4501C5-1794-4904-9199-411BD30EEFDF}.Debug|iPhone.Deploy.0 = Debug|Any CPU
		{1A4501C5-1794-4904-9199-411BD30EEFDF}.Debug|iPhoneSimulator.ActiveCfg = Debug|Any CPU
		{1A4501C5-1794-4904-9199-411BD30EEFDF}.Debug|iPhoneSimulator.Build.0 = Debug|Any CPU
		{1A4501C5-1794-4904-9199-411BD30EEFDF}.Debug|iPhoneSimulator.Deploy.0 = Debug|Any CPU
		{1A4501C5-1794-4904-9199-411BD30EEFDF}.Debug|x64.ActiveCfg = Debug|Any CPU
		{1A4501C5-1794-4904-9199-411BD30EEFDF}.Debug|x64.Build.0 = Debug|Any CPU
		{1A4501C5-1794-4904-9199-411BD30EEFDF}.Debug|x64.Deploy.0 = Debug|Any CPU
		{1A4501C5-1794-4904-9199-411BD30EEFDF}.Debug|x86.ActiveCfg = Debug|Any CPU
		{1A4501C5-1794-4904-9199-411BD30EEFDF}.Debug|x86.Build.0 = Debug|Any CPU
		{1A4501C5-1794-4904-9199-411BD30EEFDF}.Debug|x86.Deploy.0 = Debug|Any CPU
		{1A4501C5-1794-4904-9199-411BD30EEFDF}.Release|Any CPU.ActiveCfg = Release|Any CPU
		{1A4501C5-1794-4904-9199-411BD30EEFDF}.Release|Any CPU.Build.0 = Release|Any CPU
		{1A4501C5-1794-4904-9199-411BD30EEFDF}.Release|Any CPU.Deploy.0 = Release|Any CPU
		{1A4501C5-1794-4904-9199-411BD30EEFDF}.Release|ARM.ActiveCfg = Release|Any CPU
		{1A4501C5-1794-4904-9199-411BD30EEFDF}.Release|ARM.Build.0 = Release|Any CPU
		{1A4501C5-1794-4904-9199-411BD30EEFDF}.Release|ARM.Deploy.0 = Release|Any CPU
		{1A4501C5-1794-4904-9199-411BD30EEFDF}.Release|iPhone.ActiveCfg = Release|Any CPU
		{1A4501C5-1794-4904-9199-411BD30EEFDF}.Release|iPhone.Build.0 = Release|Any CPU
		{1A4501C5-1794-4904-9199-411BD30EEFDF}.Release|iPhone.Deploy.0 = Release|Any CPU
		{1A4501C5-1794-4904-9199-411BD30EEFDF}.Release|iPhoneSimulator.ActiveCfg = Release|Any CPU
		{1A4501C5-1794-4904-9199-411BD30EEFDF}.Release|iPhoneSimulator.Build.0 = Release|Any CPU
		{1A4501C5-1794-4904-9199-411BD30EEFDF}.Release|iPhoneSimulator.Deploy.0 = Release|Any CPU
		{1A4501C5-1794-4904-9199-411BD30EEFDF}.Release|x64.ActiveCfg = Release|Any CPU
		{1A4501C5-1794-4904-9199-411BD30EEFDF}.Release|x64.Build.0 = Release|Any CPU
		{1A4501C5-1794-4904-9199-411BD30EEFDF}.Release|x64.Deploy.0 = Release|Any CPU
		{1A4501C5-1794-4904-9199-411BD30EEFDF}.Release|x86.ActiveCfg = Release|Any CPU
		{1A4501C5-1794-4904-9199-411BD30EEFDF}.Release|x86.Build.0 = Release|Any CPU
		{1A4501C5-1794-4904-9199-411BD30EEFDF}.Release|x86.Deploy.0 = Release|Any CPU
		{6E309F42-229D-4F27-BA78-4997ED602722}.Ad-Hoc|Any CPU.ActiveCfg = Ad-Hoc|iPhone
		{6E309F42-229D-4F27-BA78-4997ED602722}.Ad-Hoc|Any CPU.Build.0 = Ad-Hoc|iPhone
		{6E309F42-229D-4F27-BA78-4997ED602722}.Ad-Hoc|Any CPU.Deploy.0 = Ad-Hoc|iPhone
		{6E309F42-229D-4F27-BA78-4997ED602722}.Ad-Hoc|ARM.ActiveCfg = Ad-Hoc|iPhone
		{6E309F42-229D-4F27-BA78-4997ED602722}.Ad-Hoc|ARM.Build.0 = Ad-Hoc|iPhone
		{6E309F42-229D-4F27-BA78-4997ED602722}.Ad-Hoc|ARM.Deploy.0 = Ad-Hoc|iPhone
		{6E309F42-229D-4F27-BA78-4997ED602722}.Ad-Hoc|iPhone.ActiveCfg = Ad-Hoc|iPhone
		{6E309F42-229D-4F27-BA78-4997ED602722}.Ad-Hoc|iPhone.Build.0 = Ad-Hoc|iPhone
		{6E309F42-229D-4F27-BA78-4997ED602722}.Ad-Hoc|iPhone.Deploy.0 = Ad-Hoc|iPhone
		{6E309F42-229D-4F27-BA78-4997ED602722}.Ad-Hoc|iPhoneSimulator.ActiveCfg = Ad-Hoc|iPhoneSimulator
		{6E309F42-229D-4F27-BA78-4997ED602722}.Ad-Hoc|iPhoneSimulator.Build.0 = Ad-Hoc|iPhoneSimulator
		{6E309F42-229D-4F27-BA78-4997ED602722}.Ad-Hoc|iPhoneSimulator.Deploy.0 = Ad-Hoc|iPhoneSimulator
		{6E309F42-229D-4F27-BA78-4997ED602722}.Ad-Hoc|x64.ActiveCfg = Ad-Hoc|iPhone
		{6E309F42-229D-4F27-BA78-4997ED602722}.Ad-Hoc|x64.Build.0 = Ad-Hoc|iPhone
		{6E309F42-229D-4F27-BA78-4997ED602722}.Ad-Hoc|x64.Deploy.0 = Ad-Hoc|iPhone
		{6E309F42-229D-4F27-BA78-4997ED602722}.Ad-Hoc|x86.ActiveCfg = Ad-Hoc|iPhone
		{6E309F42-229D-4F27-BA78-4997ED602722}.Ad-Hoc|x86.Build.0 = Ad-Hoc|iPhone
		{6E309F42-229D-4F27-BA78-4997ED602722}.Ad-Hoc|x86.Deploy.0 = Ad-Hoc|iPhone
		{6E309F42-229D-4F27-BA78-4997ED602722}.AppStore|Any CPU.ActiveCfg = AppStore|iPhone
		{6E309F42-229D-4F27-BA78-4997ED602722}.AppStore|Any CPU.Build.0 = AppStore|iPhone
		{6E309F42-229D-4F27-BA78-4997ED602722}.AppStore|Any CPU.Deploy.0 = AppStore|iPhone
		{6E309F42-229D-4F27-BA78-4997ED602722}.AppStore|ARM.ActiveCfg = AppStore|iPhone
		{6E309F42-229D-4F27-BA78-4997ED602722}.AppStore|ARM.Build.0 = AppStore|iPhone
		{6E309F42-229D-4F27-BA78-4997ED602722}.AppStore|ARM.Deploy.0 = AppStore|iPhone
		{6E309F42-229D-4F27-BA78-4997ED602722}.AppStore|iPhone.ActiveCfg = AppStore|iPhone
		{6E309F42-229D-4F27-BA78-4997ED602722}.AppStore|iPhone.Build.0 = AppStore|iPhone
		{6E309F42-229D-4F27-BA78-4997ED602722}.AppStore|iPhone.Deploy.0 = AppStore|iPhone
		{6E309F42-229D-4F27-BA78-4997ED602722}.AppStore|iPhoneSimulator.ActiveCfg = AppStore|iPhoneSimulator
		{6E309F42-229D-4F27-BA78-4997ED602722}.AppStore|iPhoneSimulator.Build.0 = AppStore|iPhoneSimulator
		{6E309F42-229D-4F27-BA78-4997ED602722}.AppStore|iPhoneSimulator.Deploy.0 = AppStore|iPhoneSimulator
		{6E309F42-229D-4F27-BA78-4997ED602722}.AppStore|x64.ActiveCfg = AppStore|iPhone
		{6E309F42-229D-4F27-BA78-4997ED602722}.AppStore|x64.Build.0 = AppStore|iPhone
		{6E309F42-229D-4F27-BA78-4997ED602722}.AppStore|x64.Deploy.0 = AppStore|iPhone
		{6E309F42-229D-4F27-BA78-4997ED602722}.AppStore|x86.ActiveCfg = AppStore|iPhone
		{6E309F42-229D-4F27-BA78-4997ED602722}.AppStore|x86.Build.0 = AppStore|iPhone
		{6E309F42-229D-4F27-BA78-4997ED602722}.AppStore|x86.Deploy.0 = AppStore|iPhone
		{6E309F42-229D-4F27-BA78-4997ED602722}.Debug|Any CPU.ActiveCfg = Debug|iPhone
		{6E309F42-229D-4F27-BA78-4997ED602722}.Debug|Any CPU.Build.0 = Debug|iPhone
		{6E309F42-229D-4F27-BA78-4997ED602722}.Debug|Any CPU.Deploy.0 = Debug|iPhone
		{6E309F42-229D-4F27-BA78-4997ED602722}.Debug|ARM.ActiveCfg = Debug|iPhone
		{6E309F42-229D-4F27-BA78-4997ED602722}.Debug|ARM.Build.0 = Debug|iPhone
		{6E309F42-229D-4F27-BA78-4997ED602722}.Debug|ARM.Deploy.0 = Debug|iPhone
		{6E309F42-229D-4F27-BA78-4997ED602722}.Debug|iPhone.ActiveCfg = Debug|iPhone
		{6E309F42-229D-4F27-BA78-4997ED602722}.Debug|iPhone.Build.0 = Debug|iPhone
		{6E309F42-229D-4F27-BA78-4997ED602722}.Debug|iPhone.Deploy.0 = Debug|iPhone
		{6E309F42-229D-4F27-BA78-4997ED602722}.Debug|iPhoneSimulator.ActiveCfg = Debug|iPhoneSimulator
		{6E309F42-229D-4F27-BA78-4997ED602722}.Debug|iPhoneSimulator.Build.0 = Debug|iPhoneSimulator
		{6E309F42-229D-4F27-BA78-4997ED602722}.Debug|iPhoneSimulator.Deploy.0 = Debug|iPhoneSimulator
		{6E309F42-229D-4F27-BA78-4997ED602722}.Debug|x64.ActiveCfg = Debug|iPhone
		{6E309F42-229D-4F27-BA78-4997ED602722}.Debug|x64.Build.0 = Debug|iPhone
		{6E309F42-229D-4F27-BA78-4997ED602722}.Debug|x64.Deploy.0 = Debug|iPhone
		{6E309F42-229D-4F27-BA78-4997ED602722}.Debug|x86.ActiveCfg = Debug|iPhoneSimulator
		{6E309F42-229D-4F27-BA78-4997ED602722}.Debug|x86.Build.0 = Debug|iPhoneSimulator
		{6E309F42-229D-4F27-BA78-4997ED602722}.Debug|x86.Deploy.0 = Debug|iPhoneSimulator
		{6E309F42-229D-4F27-BA78-4997ED602722}.Release|Any CPU.ActiveCfg = Release|iPhone
		{6E309F42-229D-4F27-BA78-4997ED602722}.Release|Any CPU.Build.0 = Release|iPhone
		{6E309F42-229D-4F27-BA78-4997ED602722}.Release|Any CPU.Deploy.0 = Release|iPhone
		{6E309F42-229D-4F27-BA78-4997ED602722}.Release|ARM.ActiveCfg = Release|iPhone
		{6E309F42-229D-4F27-BA78-4997ED602722}.Release|ARM.Build.0 = Release|iPhone
		{6E309F42-229D-4F27-BA78-4997ED602722}.Release|ARM.Deploy.0 = Release|iPhone
		{6E309F42-229D-4F27-BA78-4997ED602722}.Release|iPhone.ActiveCfg = Release|iPhone
		{6E309F42-229D-4F27-BA78-4997ED602722}.Release|iPhone.Build.0 = Release|iPhone
		{6E309F42-229D-4F27-BA78-4997ED602722}.Release|iPhone.Deploy.0 = Release|iPhone
		{6E309F42-229D-4F27-BA78-4997ED602722}.Release|iPhoneSimulator.ActiveCfg = Release|iPhoneSimulator
		{6E309F42-229D-4F27-BA78-4997ED602722}.Release|iPhoneSimulator.Build.0 = Release|iPhoneSimulator
		{6E309F42-229D-4F27-BA78-4997ED602722}.Release|iPhoneSimulator.Deploy.0 = Release|iPhoneSimulator
		{6E309F42-229D-4F27-BA78-4997ED602722}.Release|x64.ActiveCfg = Release|iPhone
		{6E309F42-229D-4F27-BA78-4997ED602722}.Release|x64.Build.0 = Release|iPhone
		{6E309F42-229D-4F27-BA78-4997ED602722}.Release|x64.Deploy.0 = Release|iPhone
		{6E309F42-229D-4F27-BA78-4997ED602722}.Release|x86.ActiveCfg = Release|iPhone
		{6E309F42-229D-4F27-BA78-4997ED602722}.Release|x86.Build.0 = Release|iPhone
		{6E309F42-229D-4F27-BA78-4997ED602722}.Release|x86.Deploy.0 = Release|iPhone
		{50AB1F2A-96D2-4ACE-9361-83BB10F3DB0D}.Ad-Hoc|Any CPU.ActiveCfg = Release|x86
		{50AB1F2A-96D2-4ACE-9361-83BB10F3DB0D}.Ad-Hoc|Any CPU.Build.0 = Release|x86
		{50AB1F2A-96D2-4ACE-9361-83BB10F3DB0D}.Ad-Hoc|Any CPU.Deploy.0 = Release|x86
		{50AB1F2A-96D2-4ACE-9361-83BB10F3DB0D}.Ad-Hoc|ARM.ActiveCfg = Release|ARM
		{50AB1F2A-96D2-4ACE-9361-83BB10F3DB0D}.Ad-Hoc|ARM.Build.0 = Release|ARM
		{50AB1F2A-96D2-4ACE-9361-83BB10F3DB0D}.Ad-Hoc|ARM.Deploy.0 = Release|ARM
		{50AB1F2A-96D2-4ACE-9361-83BB10F3DB0D}.Ad-Hoc|iPhone.ActiveCfg = Release|x86
		{50AB1F2A-96D2-4ACE-9361-83BB10F3DB0D}.Ad-Hoc|iPhone.Build.0 = Release|x86
		{50AB1F2A-96D2-4ACE-9361-83BB10F3DB0D}.Ad-Hoc|iPhone.Deploy.0 = Release|x86
		{50AB1F2A-96D2-4ACE-9361-83BB10F3DB0D}.Ad-Hoc|iPhoneSimulator.ActiveCfg = Release|x86
		{50AB1F2A-96D2-4ACE-9361-83BB10F3DB0D}.Ad-Hoc|iPhoneSimulator.Build.0 = Release|x86
		{50AB1F2A-96D2-4ACE-9361-83BB10F3DB0D}.Ad-Hoc|iPhoneSimulator.Deploy.0 = Release|x86
		{50AB1F2A-96D2-4ACE-9361-83BB10F3DB0D}.Ad-Hoc|x64.ActiveCfg = Release|x64
		{50AB1F2A-96D2-4ACE-9361-83BB10F3DB0D}.Ad-Hoc|x64.Build.0 = Release|x64
		{50AB1F2A-96D2-4ACE-9361-83BB10F3DB0D}.Ad-Hoc|x64.Deploy.0 = Release|x64
		{50AB1F2A-96D2-4ACE-9361-83BB10F3DB0D}.Ad-Hoc|x86.ActiveCfg = Release|x86
		{50AB1F2A-96D2-4ACE-9361-83BB10F3DB0D}.Ad-Hoc|x86.Build.0 = Release|x86
		{50AB1F2A-96D2-4ACE-9361-83BB10F3DB0D}.Ad-Hoc|x86.Deploy.0 = Release|x86
		{50AB1F2A-96D2-4ACE-9361-83BB10F3DB0D}.AppStore|Any CPU.ActiveCfg = Release|x86
		{50AB1F2A-96D2-4ACE-9361-83BB10F3DB0D}.AppStore|Any CPU.Build.0 = Release|x86
		{50AB1F2A-96D2-4ACE-9361-83BB10F3DB0D}.AppStore|Any CPU.Deploy.0 = Release|x86
		{50AB1F2A-96D2-4ACE-9361-83BB10F3DB0D}.AppStore|ARM.ActiveCfg = Release|ARM
		{50AB1F2A-96D2-4ACE-9361-83BB10F3DB0D}.AppStore|ARM.Build.0 = Release|ARM
		{50AB1F2A-96D2-4ACE-9361-83BB10F3DB0D}.AppStore|ARM.Deploy.0 = Release|ARM
		{50AB1F2A-96D2-4ACE-9361-83BB10F3DB0D}.AppStore|iPhone.ActiveCfg = Release|x86
		{50AB1F2A-96D2-4ACE-9361-83BB10F3DB0D}.AppStore|iPhone.Build.0 = Release|x86
		{50AB1F2A-96D2-4ACE-9361-83BB10F3DB0D}.AppStore|iPhone.Deploy.0 = Release|x86
		{50AB1F2A-96D2-4ACE-9361-83BB10F3DB0D}.AppStore|iPhoneSimulator.ActiveCfg = Release|x86
		{50AB1F2A-96D2-4ACE-9361-83BB10F3DB0D}.AppStore|iPhoneSimulator.Build.0 = Release|x86
		{50AB1F2A-96D2-4ACE-9361-83BB10F3DB0D}.AppStore|iPhoneSimulator.Deploy.0 = Release|x86
		{50AB1F2A-96D2-4ACE-9361-83BB10F3DB0D}.AppStore|x64.ActiveCfg = Release|x64
		{50AB1F2A-96D2-4ACE-9361-83BB10F3DB0D}.AppStore|x64.Build.0 = Release|x64
		{50AB1F2A-96D2-4ACE-9361-83BB10F3DB0D}.AppStore|x64.Deploy.0 = Release|x64
		{50AB1F2A-96D2-4ACE-9361-83BB10F3DB0D}.AppStore|x86.ActiveCfg = Release|x86
		{50AB1F2A-96D2-4ACE-9361-83BB10F3DB0D}.AppStore|x86.Build.0 = Release|x86
		{50AB1F2A-96D2-4ACE-9361-83BB10F3DB0D}.AppStore|x86.Deploy.0 = Release|x86
		{50AB1F2A-96D2-4ACE-9361-83BB10F3DB0D}.Debug|Any CPU.ActiveCfg = Debug|x86
		{50AB1F2A-96D2-4ACE-9361-83BB10F3DB0D}.Debug|Any CPU.Build.0 = Debug|x86
		{50AB1F2A-96D2-4ACE-9361-83BB10F3DB0D}.Debug|Any CPU.Deploy.0 = Debug|x86
		{50AB1F2A-96D2-4ACE-9361-83BB10F3DB0D}.Debug|ARM.ActiveCfg = Debug|ARM
		{50AB1F2A-96D2-4ACE-9361-83BB10F3DB0D}.Debug|ARM.Build.0 = Debug|ARM
		{50AB1F2A-96D2-4ACE-9361-83BB10F3DB0D}.Debug|ARM.Deploy.0 = Debug|ARM
		{50AB1F2A-96D2-4ACE-9361-83BB10F3DB0D}.Debug|iPhone.ActiveCfg = Debug|x86
		{50AB1F2A-96D2-4ACE-9361-83BB10F3DB0D}.Debug|iPhone.Build.0 = Debug|x86
		{50AB1F2A-96D2-4ACE-9361-83BB10F3DB0D}.Debug|iPhone.Deploy.0 = Debug|x86
		{50AB1F2A-96D2-4ACE-9361-83BB10F3DB0D}.Debug|iPhoneSimulator.ActiveCfg = Debug|x86
		{50AB1F2A-96D2-4ACE-9361-83BB10F3DB0D}.Debug|iPhoneSimulator.Build.0 = Debug|x86
		{50AB1F2A-96D2-4ACE-9361-83BB10F3DB0D}.Debug|iPhoneSimulator.Deploy.0 = Debug|x86
		{50AB1F2A-96D2-4ACE-9361-83BB10F3DB0D}.Debug|x64.ActiveCfg = Debug|x64
		{50AB1F2A-96D2-4ACE-9361-83BB10F3DB0D}.Debug|x64.Build.0 = Debug|x64
		{50AB1F2A-96D2-4ACE-9361-83BB10F3DB0D}.Debug|x64.Deploy.0 = Debug|x64
		{50AB1F2A-96D2-4ACE-9361-83BB10F3DB0D}.Debug|x86.ActiveCfg = Debug|x86
		{50AB1F2A-96D2-4ACE-9361-83BB10F3DB0D}.Debug|x86.Build.0 = Debug|x86
		{50AB1F2A-96D2-4ACE-9361-83BB10F3DB0D}.Debug|x86.Deploy.0 = Debug|x86
		{50AB1F2A-96D2-4ACE-9361-83BB10F3DB0D}.Release|Any CPU.ActiveCfg = Release|x86
		{50AB1F2A-96D2-4ACE-9361-83BB10F3DB0D}.Release|Any CPU.Build.0 = Release|x86
		{50AB1F2A-96D2-4ACE-9361-83BB10F3DB0D}.Release|Any CPU.Deploy.0 = Release|x86
		{50AB1F2A-96D2-4ACE-9361-83BB10F3DB0D}.Release|ARM.ActiveCfg = Release|ARM
		{50AB1F2A-96D2-4ACE-9361-83BB10F3DB0D}.Release|ARM.Build.0 = Release|ARM
		{50AB1F2A-96D2-4ACE-9361-83BB10F3DB0D}.Release|ARM.Deploy.0 = Release|ARM
		{50AB1F2A-96D2-4ACE-9361-83BB10F3DB0D}.Release|iPhone.ActiveCfg = Release|x86
		{50AB1F2A-96D2-4ACE-9361-83BB10F3DB0D}.Release|iPhone.Build.0 = Release|x86
		{50AB1F2A-96D2-4ACE-9361-83BB10F3DB0D}.Release|iPhone.Deploy.0 = Release|x86
		{50AB1F2A-96D2-4ACE-9361-83BB10F3DB0D}.Release|iPhoneSimulator.ActiveCfg = Release|x86
		{50AB1F2A-96D2-4ACE-9361-83BB10F3DB0D}.Release|iPhoneSimulator.Build.0 = Release|x86
		{50AB1F2A-96D2-4ACE-9361-83BB10F3DB0D}.Release|iPhoneSimulator.Deploy.0 = Release|x86
		{50AB1F2A-96D2-4ACE-9361-83BB10F3DB0D}.Release|x64.ActiveCfg = Release|x64
		{50AB1F2A-96D2-4ACE-9361-83BB10F3DB0D}.Release|x64.Build.0 = Release|x64
		{50AB1F2A-96D2-4ACE-9361-83BB10F3DB0D}.Release|x64.Deploy.0 = Release|x64
		{50AB1F2A-96D2-4ACE-9361-83BB10F3DB0D}.Release|x86.ActiveCfg = Release|x86
		{50AB1F2A-96D2-4ACE-9361-83BB10F3DB0D}.Release|x86.Build.0 = Release|x86
		{50AB1F2A-96D2-4ACE-9361-83BB10F3DB0D}.Release|x86.Deploy.0 = Release|x86
		{C27B47ED-7A6F-4A7F-BDFC-7F947A78F888}.Ad-Hoc|Any CPU.ActiveCfg = Debug|Any CPU
		{C27B47ED-7A6F-4A7F-BDFC-7F947A78F888}.Ad-Hoc|Any CPU.Build.0 = Debug|Any CPU
		{C27B47ED-7A6F-4A7F-BDFC-7F947A78F888}.Ad-Hoc|Any CPU.Deploy.0 = Debug|Any CPU
		{C27B47ED-7A6F-4A7F-BDFC-7F947A78F888}.Ad-Hoc|ARM.ActiveCfg = Debug|Any CPU
		{C27B47ED-7A6F-4A7F-BDFC-7F947A78F888}.Ad-Hoc|ARM.Build.0 = Debug|Any CPU
		{C27B47ED-7A6F-4A7F-BDFC-7F947A78F888}.Ad-Hoc|ARM.Deploy.0 = Debug|Any CPU
		{C27B47ED-7A6F-4A7F-BDFC-7F947A78F888}.Ad-Hoc|iPhone.ActiveCfg = Debug|Any CPU
		{C27B47ED-7A6F-4A7F-BDFC-7F947A78F888}.Ad-Hoc|iPhone.Build.0 = Debug|Any CPU
		{C27B47ED-7A6F-4A7F-BDFC-7F947A78F888}.Ad-Hoc|iPhone.Deploy.0 = Debug|Any CPU
		{C27B47ED-7A6F-4A7F-BDFC-7F947A78F888}.Ad-Hoc|iPhoneSimulator.ActiveCfg = Debug|Any CPU
		{C27B47ED-7A6F-4A7F-BDFC-7F947A78F888}.Ad-Hoc|iPhoneSimulator.Build.0 = Debug|Any CPU
		{C27B47ED-7A6F-4A7F-BDFC-7F947A78F888}.Ad-Hoc|iPhoneSimulator.Deploy.0 = Debug|Any CPU
		{C27B47ED-7A6F-4A7F-BDFC-7F947A78F888}.Ad-Hoc|x64.ActiveCfg = Debug|Any CPU
		{C27B47ED-7A6F-4A7F-BDFC-7F947A78F888}.Ad-Hoc|x64.Build.0 = Debug|Any CPU
		{C27B47ED-7A6F-4A7F-BDFC-7F947A78F888}.Ad-Hoc|x64.Deploy.0 = Debug|Any CPU
		{C27B47ED-7A6F-4A7F-BDFC-7F947A78F888}.Ad-Hoc|x86.ActiveCfg = Debug|Any CPU
		{C27B47ED-7A6F-4A7F-BDFC-7F947A78F888}.Ad-Hoc|x86.Build.0 = Debug|Any CPU
		{C27B47ED-7A6F-4A7F-BDFC-7F947A78F888}.Ad-Hoc|x86.Deploy.0 = Debug|Any CPU
		{C27B47ED-7A6F-4A7F-BDFC-7F947A78F888}.AppStore|Any CPU.ActiveCfg = Debug|Any CPU
		{C27B47ED-7A6F-4A7F-BDFC-7F947A78F888}.AppStore|Any CPU.Build.0 = Debug|Any CPU
		{C27B47ED-7A6F-4A7F-BDFC-7F947A78F888}.AppStore|Any CPU.Deploy.0 = Debug|Any CPU
		{C27B47ED-7A6F-4A7F-BDFC-7F947A78F888}.AppStore|ARM.ActiveCfg = Debug|Any CPU
		{C27B47ED-7A6F-4A7F-BDFC-7F947A78F888}.AppStore|ARM.Build.0 = Debug|Any CPU
		{C27B47ED-7A6F-4A7F-BDFC-7F947A78F888}.AppStore|ARM.Deploy.0 = Debug|Any CPU
		{C27B47ED-7A6F-4A7F-BDFC-7F947A78F888}.AppStore|iPhone.ActiveCfg = Debug|Any CPU
		{C27B47ED-7A6F-4A7F-BDFC-7F947A78F888}.AppStore|iPhone.Build.0 = Debug|Any CPU
		{C27B47ED-7A6F-4A7F-BDFC-7F947A78F888}.AppStore|iPhone.Deploy.0 = Debug|Any CPU
		{C27B47ED-7A6F-4A7F-BDFC-7F947A78F888}.AppStore|iPhoneSimulator.ActiveCfg = Debug|Any CPU
		{C27B47ED-7A6F-4A7F-BDFC-7F947A78F888}.AppStore|iPhoneSimulator.Build.0 = Debug|Any CPU
		{C27B47ED-7A6F-4A7F-BDFC-7F947A78F888}.AppStore|iPhoneSimulator.Deploy.0 = Debug|Any CPU
		{C27B47ED-7A6F-4A7F-BDFC-7F947A78F888}.AppStore|x64.ActiveCfg = Debug|Any CPU
		{C27B47ED-7A6F-4A7F-BDFC-7F947A78F888}.AppStore|x64.Build.0 = Debug|Any CPU
		{C27B47ED-7A6F-4A7F-BDFC-7F947A78F888}.AppStore|x64.Deploy.0 = Debug|Any CPU
		{C27B47ED-7A6F-4A7F-BDFC-7F947A78F888}.AppStore|x86.ActiveCfg = Debug|Any CPU
		{C27B47ED-7A6F-4A7F-BDFC-7F947A78F888}.AppStore|x86.Build.0 = Debug|Any CPU
		{C27B47ED-7A6F-4A7F-BDFC-7F947A78F888}.AppStore|x86.Deploy.0 = Debug|Any CPU
		{C27B47ED-7A6F-4A7F-BDFC-7F947A78F888}.Debug|Any CPU.ActiveCfg = Debug|Any CPU
		{C27B47ED-7A6F-4A7F-BDFC-7F947A78F888}.Debug|Any CPU.Build.0 = Debug|Any CPU
		{C27B47ED-7A6F-4A7F-BDFC-7F947A78F888}.Debug|Any CPU.Deploy.0 = Debug|Any CPU
		{C27B47ED-7A6F-4A7F-BDFC-7F947A78F888}.Debug|ARM.ActiveCfg = Debug|Any CPU
		{C27B47ED-7A6F-4A7F-BDFC-7F947A78F888}.Debug|ARM.Build.0 = Debug|Any CPU
		{C27B47ED-7A6F-4A7F-BDFC-7F947A78F888}.Debug|ARM.Deploy.0 = Debug|Any CPU
		{C27B47ED-7A6F-4A7F-BDFC-7F947A78F888}.Debug|iPhone.ActiveCfg = Debug|Any CPU
		{C27B47ED-7A6F-4A7F-BDFC-7F947A78F888}.Debug|iPhone.Build.0 = Debug|Any CPU
		{C27B47ED-7A6F-4A7F-BDFC-7F947A78F888}.Debug|iPhone.Deploy.0 = Debug|Any CPU
		{C27B47ED-7A6F-4A7F-BDFC-7F947A78F888}.Debug|iPhoneSimulator.ActiveCfg = Debug|Any CPU
		{C27B47ED-7A6F-4A7F-BDFC-7F947A78F888}.Debug|iPhoneSimulator.Build.0 = Debug|Any CPU
		{C27B47ED-7A6F-4A7F-BDFC-7F947A78F888}.Debug|iPhoneSimulator.Deploy.0 = Debug|Any CPU
		{C27B47ED-7A6F-4A7F-BDFC-7F947A78F888}.Debug|x64.ActiveCfg = Debug|Any CPU
		{C27B47ED-7A6F-4A7F-BDFC-7F947A78F888}.Debug|x64.Build.0 = Debug|Any CPU
		{C27B47ED-7A6F-4A7F-BDFC-7F947A78F888}.Debug|x64.Deploy.0 = Debug|Any CPU
		{C27B47ED-7A6F-4A7F-BDFC-7F947A78F888}.Debug|x86.ActiveCfg = Debug|Any CPU
		{C27B47ED-7A6F-4A7F-BDFC-7F947A78F888}.Debug|x86.Build.0 = Debug|Any CPU
		{C27B47ED-7A6F-4A7F-BDFC-7F947A78F888}.Debug|x86.Deploy.0 = Debug|Any CPU
		{C27B47ED-7A6F-4A7F-BDFC-7F947A78F888}.Release|Any CPU.ActiveCfg = Release|Any CPU
		{C27B47ED-7A6F-4A7F-BDFC-7F947A78F888}.Release|Any CPU.Build.0 = Release|Any CPU
		{C27B47ED-7A6F-4A7F-BDFC-7F947A78F888}.Release|Any CPU.Deploy.0 = Release|Any CPU
		{C27B47ED-7A6F-4A7F-BDFC-7F947A78F888}.Release|ARM.ActiveCfg = Release|Any CPU
		{C27B47ED-7A6F-4A7F-BDFC-7F947A78F888}.Release|ARM.Build.0 = Release|Any CPU
		{C27B47ED-7A6F-4A7F-BDFC-7F947A78F888}.Release|ARM.Deploy.0 = Release|Any CPU
		{C27B47ED-7A6F-4A7F-BDFC-7F947A78F888}.Release|iPhone.ActiveCfg = Release|Any CPU
		{C27B47ED-7A6F-4A7F-BDFC-7F947A78F888}.Release|iPhone.Build.0 = Release|Any CPU
		{C27B47ED-7A6F-4A7F-BDFC-7F947A78F888}.Release|iPhone.Deploy.0 = Release|Any CPU
		{C27B47ED-7A6F-4A7F-BDFC-7F947A78F888}.Release|iPhoneSimulator.ActiveCfg = Release|Any CPU
		{C27B47ED-7A6F-4A7F-BDFC-7F947A78F888}.Release|iPhoneSimulator.Build.0 = Release|Any CPU
		{C27B47ED-7A6F-4A7F-BDFC-7F947A78F888}.Release|iPhoneSimulator.Deploy.0 = Release|Any CPU
		{C27B47ED-7A6F-4A7F-BDFC-7F947A78F888}.Release|x64.ActiveCfg = Release|Any CPU
		{C27B47ED-7A6F-4A7F-BDFC-7F947A78F888}.Release|x64.Build.0 = Release|Any CPU
		{C27B47ED-7A6F-4A7F-BDFC-7F947A78F888}.Release|x64.Deploy.0 = Release|Any CPU
		{C27B47ED-7A6F-4A7F-BDFC-7F947A78F888}.Release|x86.ActiveCfg = Release|Any CPU
		{C27B47ED-7A6F-4A7F-BDFC-7F947A78F888}.Release|x86.Build.0 = Release|Any CPU
		{C27B47ED-7A6F-4A7F-BDFC-7F947A78F888}.Release|x86.Deploy.0 = Release|Any CPU
	EndGlobalSection
	GlobalSection(SolutionProperties) = preSolution
		HideSolutionNode = FALSE
	EndGlobalSection
	GlobalSection(ExtensibilityGlobals) = postSolution
		SolutionGuid = {512143ED-DC4B-4CC0-80A6-C9AAB297C3A1}
	EndGlobalSection
EndGlobal
